// !$*UTF8*$!
{
	archiveVersion = 1;
	classes = {
	};
	objectVersion = 48;
	objects = {

/* Begin PBXBuildFile section */
		891B8BA3366415BC0C20A455 /* Pods_Weather_Today.framework in Frameworks */ = {isa = PBXBuildFile; fileRef = 655E295F6A2452FA3A77881A /* Pods_Weather_Today.framework */; };
		A10AE14D22796B7C00E7C7D9 /* Extension + File.swift in Sources */ = {isa = PBXBuildFile; fileRef = A10AE14C22796B7C00E7C7D9 /* Extension + File.swift */; };
		A10AE14F2279CF4300E7C7D9 /* HourlyForecast.swift in Sources */ = {isa = PBXBuildFile; fileRef = A10AE14E2279CF4300E7C7D9 /* HourlyForecast.swift */; };
		A10AE1522279E00300E7C7D9 /* HourlyForcastCell.swift in Sources */ = {isa = PBXBuildFile; fileRef = A10AE1512279E00300E7C7D9 /* HourlyForcastCell.swift */; };
		A10BB7A42278BC6F005AEBAB /* Constrain + View.swift in Sources */ = {isa = PBXBuildFile; fileRef = A10BB7A32278BC6F005AEBAB /* Constrain + View.swift */; };
		A10BB7A62278C922005AEBAB /* Colors.swift in Sources */ = {isa = PBXBuildFile; fileRef = A10BB7A52278C922005AEBAB /* Colors.swift */; };
		A10BB7AA2278D69B005AEBAB /* CurrentWeather.swift in Sources */ = {isa = PBXBuildFile; fileRef = A10BB7A92278D69B005AEBAB /* CurrentWeather.swift */; };
		A10BB7AC2278DA4F005AEBAB /* WeatherClient.swift in Sources */ = {isa = PBXBuildFile; fileRef = A10BB7AB2278DA4F005AEBAB /* WeatherClient.swift */; };
		A11703ED227C8B1600FF42E5 /* DailyForcastCell.swift in Sources */ = {isa = PBXBuildFile; fileRef = A11703EC227C8B1600FF42E5 /* DailyForcastCell.swift */; };
		A11703F1227CCA9D00FF42E5 /* DailyForcastData.swift in Sources */ = {isa = PBXBuildFile; fileRef = A11703F0227CCA9D00FF42E5 /* DailyForcastData.swift */; };
		A1F5CD7A21E5136000ED084D /* AppDelegate.swift in Sources */ = {isa = PBXBuildFile; fileRef = A1F5CD7921E5136000ED084D /* AppDelegate.swift */; };
		A1F5CD7C21E5136000ED084D /* WeatherVC.swift in Sources */ = {isa = PBXBuildFile; fileRef = A1F5CD7B21E5136000ED084D /* WeatherVC.swift */; };
		A1F5CD7F21E5136000ED084D /* Main.storyboard in Resources */ = {isa = PBXBuildFile; fileRef = A1F5CD7D21E5136000ED084D /* Main.storyboard */; };
		A1F5CD8121E5136000ED084D /* Assets.xcassets in Resources */ = {isa = PBXBuildFile; fileRef = A1F5CD8021E5136000ED084D /* Assets.xcassets */; };
		A1F5CD8421E5136000ED084D /* LaunchScreen.storyboard in Resources */ = {isa = PBXBuildFile; fileRef = A1F5CD8221E5136000ED084D /* LaunchScreen.storyboard */; };
/* End PBXBuildFile section */

/* Begin PBXFileReference section */
		5FE8E221319914CB2914647B /* Pods-Weather Today.release.xcconfig */ = {isa = PBXFileReference; includeInIndex = 1; lastKnownFileType = text.xcconfig; name = "Pods-Weather Today.release.xcconfig"; path = "Target Support Files/Pods-Weather Today/Pods-Weather Today.release.xcconfig"; sourceTree = "<group>"; };
		655E295F6A2452FA3A77881A /* Pods_Weather_Today.framework */ = {isa = PBXFileReference; explicitFileType = wrapper.framework; includeInIndex = 0; path = Pods_Weather_Today.framework; sourceTree = BUILT_PRODUCTS_DIR; };
		A10AE14C22796B7C00E7C7D9 /* Extension + File.swift */ = {isa = PBXFileReference; lastKnownFileType = sourcecode.swift; path = "Extension + File.swift"; sourceTree = "<group>"; };
		A10AE14E2279CF4300E7C7D9 /* HourlyForecast.swift */ = {isa = PBXFileReference; lastKnownFileType = sourcecode.swift; path = HourlyForecast.swift; sourceTree = "<group>"; };
		A10AE1512279E00300E7C7D9 /* HourlyForcastCell.swift */ = {isa = PBXFileReference; lastKnownFileType = sourcecode.swift; path = HourlyForcastCell.swift; sourceTree = "<group>"; };
		A10BB7A32278BC6F005AEBAB /* Constrain + View.swift */ = {isa = PBXFileReference; lastKnownFileType = sourcecode.swift; path = "Constrain + View.swift"; sourceTree = "<group>"; };
		A10BB7A52278C922005AEBAB /* Colors.swift */ = {isa = PBXFileReference; lastKnownFileType = sourcecode.swift; path = Colors.swift; sourceTree = "<group>"; };
		A10BB7A92278D69B005AEBAB /* CurrentWeather.swift */ = {isa = PBXFileReference; lastKnownFileType = sourcecode.swift; path = CurrentWeather.swift; sourceTree = "<group>"; };
		A10BB7AB2278DA4F005AEBAB /* WeatherClient.swift */ = {isa = PBXFileReference; lastKnownFileType = sourcecode.swift; path = WeatherClient.swift; sourceTree = "<group>"; };
		A11703EC227C8B1600FF42E5 /* DailyForcastCell.swift */ = {isa = PBXFileReference; lastKnownFileType = sourcecode.swift; path = DailyForcastCell.swift; sourceTree = "<group>"; };
		A11703F0227CCA9D00FF42E5 /* DailyForcastData.swift */ = {isa = PBXFileReference; lastKnownFileType = sourcecode.swift; path = DailyForcastData.swift; sourceTree = "<group>"; };
		A1F5CD7621E5136000ED084D /* Weather Today.app */ = {isa = PBXFileReference; explicitFileType = wrapper.application; includeInIndex = 0; path = "Weather Today.app"; sourceTree = BUILT_PRODUCTS_DIR; };
		A1F5CD7921E5136000ED084D /* AppDelegate.swift */ = {isa = PBXFileReference; lastKnownFileType = sourcecode.swift; path = AppDelegate.swift; sourceTree = "<group>"; };
		A1F5CD7B21E5136000ED084D /* WeatherVC.swift */ = {isa = PBXFileReference; lastKnownFileType = sourcecode.swift; path = WeatherVC.swift; sourceTree = "<group>"; };
		A1F5CD7E21E5136000ED084D /* Base */ = {isa = PBXFileReference; lastKnownFileType = file.storyboard; name = Base; path = Base.lproj/Main.storyboard; sourceTree = "<group>"; };
		A1F5CD8021E5136000ED084D /* Assets.xcassets */ = {isa = PBXFileReference; lastKnownFileType = folder.assetcatalog; path = Assets.xcassets; sourceTree = "<group>"; };
		A1F5CD8321E5136000ED084D /* Base */ = {isa = PBXFileReference; lastKnownFileType = file.storyboard; name = Base; path = Base.lproj/LaunchScreen.storyboard; sourceTree = "<group>"; };
		A1F5CD8521E5136000ED084D /* Info.plist */ = {isa = PBXFileReference; lastKnownFileType = text.plist.xml; path = Info.plist; sourceTree = "<group>"; };
		F9A394B5520514ED57F38840 /* Pods-Weather Today.debug.xcconfig */ = {isa = PBXFileReference; includeInIndex = 1; lastKnownFileType = text.xcconfig; name = "Pods-Weather Today.debug.xcconfig"; path = "Target Support Files/Pods-Weather Today/Pods-Weather Today.debug.xcconfig"; sourceTree = "<group>"; };
/* End PBXFileReference section */

/* Begin PBXFrameworksBuildPhase section */
		A1F5CD7321E5136000ED084D /* Frameworks */ = {
			isa = PBXFrameworksBuildPhase;
			buildActionMask = 2147483647;
			files = (
				891B8BA3366415BC0C20A455 /* Pods_Weather_Today.framework in Frameworks */,
			);
			runOnlyForDeploymentPostprocessing = 0;
		};
/* End PBXFrameworksBuildPhase section */

/* Begin PBXGroup section */
		5499F16BBC0DFFBA383BB8B6 /* Frameworks */ = {
			isa = PBXGroup;
			children = (
				655E295F6A2452FA3A77881A /* Pods_Weather_Today.framework */,
			);
			name = Frameworks;
			sourceTree = "<group>";
		};
		A10AE14B2279679B00E7C7D9 /* Controller */ = {
			isa = PBXGroup;
			children = (
				A10AE1502279DFEC00E7C7D9 /* Cell */,
				A1F5CD7B21E5136000ED084D /* WeatherVC.swift */,
			);
			path = Controller;
			sourceTree = "<group>";
		};
		A10AE1502279DFEC00E7C7D9 /* Cell */ = {
			isa = PBXGroup;
			children = (
				A10AE1512279E00300E7C7D9 /* HourlyForcastCell.swift */,
				A11703EC227C8B1600FF42E5 /* DailyForcastCell.swift */,
			);
			path = Cell;
			sourceTree = "<group>";
		};
		A10BB7A22278BC45005AEBAB /* Helper */ = {
			isa = PBXGroup;
			children = (
				A10BB7A32278BC6F005AEBAB /* Constrain + View.swift */,
				A10BB7A52278C922005AEBAB /* Colors.swift */,
				A10AE14C22796B7C00E7C7D9 /* Extension + File.swift */,
			);
			path = Helper;
			sourceTree = "<group>";
		};
		A10BB7A72278D606005AEBAB /* Network */ = {
			isa = PBXGroup;
			children = (
				A10BB7AB2278DA4F005AEBAB /* WeatherClient.swift */,
			);
			path = Network;
			sourceTree = "<group>";
		};
		A10BB7A82278D611005AEBAB /* Model */ = {
			isa = PBXGroup;
			children = (
				A10BB7A92278D69B005AEBAB /* CurrentWeather.swift */,
				A10AE14E2279CF4300E7C7D9 /* HourlyForecast.swift */,
				A11703F0227CCA9D00FF42E5 /* DailyForcastData.swift */,
			);
			path = Model;
			sourceTree = "<group>";
		};
		A1F5CD6D21E5136000ED084D = {
			isa = PBXGroup;
			children = (
				A1F5CD7821E5136000ED084D /* Weather Today */,
				A1F5CD7721E5136000ED084D /* Products */,
				DC04DD805BD59E1E4B87A210 /* Pods */,
				5499F16BBC0DFFBA383BB8B6 /* Frameworks */,
			);
			sourceTree = "<group>";
		};
		A1F5CD7721E5136000ED084D /* Products */ = {
			isa = PBXGroup;
			children = (
				A1F5CD7621E5136000ED084D /* Weather Today.app */,
			);
			name = Products;
			sourceTree = "<group>";
		};
		A1F5CD7821E5136000ED084D /* Weather Today */ = {
			isa = PBXGroup;
			children = (
				A10AE14B2279679B00E7C7D9 /* Controller */,
				A10BB7A82278D611005AEBAB /* Model */,
				A10BB7A72278D606005AEBAB /* Network */,
				A10BB7A22278BC45005AEBAB /* Helper */,
				A1F5CD7921E5136000ED084D /* AppDelegate.swift */,
				A1F5CD7D21E5136000ED084D /* Main.storyboard */,
				A1F5CD8021E5136000ED084D /* Assets.xcassets */,
				A1F5CD8221E5136000ED084D /* LaunchScreen.storyboard */,
				A1F5CD8521E5136000ED084D /* Info.plist */,
			);
			path = "Weather Today";
			sourceTree = "<group>";
		};
		DC04DD805BD59E1E4B87A210 /* Pods */ = {
			isa = PBXGroup;
			children = (
				F9A394B5520514ED57F38840 /* Pods-Weather Today.debug.xcconfig */,
				5FE8E221319914CB2914647B /* Pods-Weather Today.release.xcconfig */,
			);
			path = Pods;
			sourceTree = "<group>";
		};
/* End PBXGroup section */

/* Begin PBXNativeTarget section */
		A1F5CD7521E5136000ED084D /* Weather Today */ = {
			isa = PBXNativeTarget;
			buildConfigurationList = A1F5CD8821E5136000ED084D /* Build configuration list for PBXNativeTarget "Weather Today" */;
			buildPhases = (
				F9C7974E7B075CA9B925BEDD /* [CP] Check Pods Manifest.lock */,
				A1F5CD7221E5136000ED084D /* Sources */,
				A1F5CD7321E5136000ED084D /* Frameworks */,
				A1F5CD7421E5136000ED084D /* Resources */,
			);
			buildRules = (
			);
			dependencies = (
			);
			name = "Weather Today";
			productName = "Weather Today";
			productReference = A1F5CD7621E5136000ED084D /* Weather Today.app */;
			productType = "com.apple.product-type.application";
		};
/* End PBXNativeTarget section */

/* Begin PBXProject section */
		A1F5CD6E21E5136000ED084D /* Project object */ = {
			isa = PBXProject;
			attributes = {
				LastSwiftUpdateCheck = 0900;
				LastUpgradeCheck = 0900;
				ORGANIZATIONNAME = sinbad;
				TargetAttributes = {
					A1F5CD7521E5136000ED084D = {
						CreatedOnToolsVersion = 9.0;
					};
				};
			};
			buildConfigurationList = A1F5CD7121E5136000ED084D /* Build configuration list for PBXProject "Weather Today" */;
			compatibilityVersion = "Xcode 8.0";
			developmentRegion = en;
			hasScannedForEncodings = 0;
			knownRegions = (
				en,
				Base,
			);
			mainGroup = A1F5CD6D21E5136000ED084D;
			productRefGroup = A1F5CD7721E5136000ED084D /* Products */;
			projectDirPath = "";
			projectRoot = "";
			targets = (
				A1F5CD7521E5136000ED084D /* Weather Today */,
			);
		};
/* End PBXProject section */

/* Begin PBXResourcesBuildPhase section */
		A1F5CD7421E5136000ED084D /* Resources */ = {
			isa = PBXResourcesBuildPhase;
			buildActionMask = 2147483647;
			files = (
				A1F5CD8421E5136000ED084D /* LaunchScreen.storyboard in Resources */,
				A1F5CD8121E5136000ED084D /* Assets.xcassets in Resources */,
				A1F5CD7F21E5136000ED084D /* Main.storyboard in Resources */,
			);
			runOnlyForDeploymentPostprocessing = 0;
		};
/* End PBXResourcesBuildPhase section */

/* Begin PBXShellScriptBuildPhase section */
		F9C7974E7B075CA9B925BEDD /* [CP] Check Pods Manifest.lock */ = {
			isa = PBXShellScriptBuildPhase;
			buildActionMask = 2147483647;
			files = (
			);
			inputFileListPaths = (
			);
			inputPaths = (
				"${PODS_PODFILE_DIR_PATH}/Podfile.lock",
				"${PODS_ROOT}/Manifest.lock",
			);
			name = "[CP] Check Pods Manifest.lock";
			outputFileListPaths = (
			);
			outputPaths = (
				"$(DERIVED_FILE_DIR)/Pods-Weather Today-checkManifestLockResult.txt",
			);
			runOnlyForDeploymentPostprocessing = 0;
			shellPath = /bin/sh;
			shellScript = "diff \"${PODS_PODFILE_DIR_PATH}/Podfile.lock\" \"${PODS_ROOT}/Manifest.lock\" > /dev/null\nif [ $? != 0 ] ; then\n    # print error to STDERR\n    echo \"error: The sandbox is not in sync with the Podfile.lock. Run 'pod install' or update your CocoaPods installation.\" >&2\n    exit 1\nfi\n# This output is used by Xcode 'outputs' to avoid re-running this script phase.\necho \"SUCCESS\" > \"${SCRIPT_OUTPUT_FILE_0}\"\n";
			showEnvVarsInLog = 0;
		};
/* End PBXShellScriptBuildPhase section */

/* Begin PBXSourcesBuildPhase section */
		A1F5CD7221E5136000ED084D /* Sources */ = {
			isa = PBXSourcesBuildPhase;
			buildActionMask = 2147483647;
			files = (
				A11703F1227CCA9D00FF42E5 /* DailyForcastData.swift in Sources */,
				A10BB7A42278BC6F005AEBAB /* Constrain + View.swift in Sources */,
				A10AE14D22796B7C00E7C7D9 /* Extension + File.swift in Sources */,
				A10AE14F2279CF4300E7C7D9 /* HourlyForecast.swift in Sources */,
				A10BB7AC2278DA4F005AEBAB /* WeatherClient.swift in Sources */,
				A10BB7AA2278D69B005AEBAB /* CurrentWeather.swift in Sources */,
				A10AE1522279E00300E7C7D9 /* HourlyForcastCell.swift in Sources */,
				A11703ED227C8B1600FF42E5 /* DailyForcastCell.swift in Sources */,
				A10BB7A62278C922005AEBAB /* Colors.swift in Sources */,
				A1F5CD7C21E5136000ED084D /* WeatherVC.swift in Sources */,
				A1F5CD7A21E5136000ED084D /* AppDelegate.swift in Sources */,
			);
			runOnlyForDeploymentPostprocessing = 0;
		};
/* End PBXSourcesBuildPhase section */

/* Begin PBXVariantGroup section */
		A1F5CD7D21E5136000ED084D /* Main.storyboard */ = {
			isa = PBXVariantGroup;
			children = (
				A1F5CD7E21E5136000ED084D /* Base */,
			);
			name = Main.storyboard;
			sourceTree = "<group>";
		};
		A1F5CD8221E5136000ED084D /* LaunchScreen.storyboard */ = {
			isa = PBXVariantGroup;
			children = (
				A1F5CD8321E5136000ED084D /* Base */,
			);
			name = LaunchScreen.storyboard;
			sourceTree = "<group>";
		};
/* End PBXVariantGroup section */

/* Begin XCBuildConfiguration section */
		A1F5CD8621E5136000ED084D /* Debug */ = {
			isa = XCBuildConfiguration;
			buildSettings = {
				ALWAYS_SEARCH_USER_PATHS = NO;
				CLANG_ANALYZER_NONNULL = YES;
				CLANG_ANALYZER_NUMBER_OBJECT_CONVERSION = YES_AGGRESSIVE;
				CLANG_CXX_LANGUAGE_STANDARD = "gnu++14";
				CLANG_CXX_LIBRARY = "libc++";
				CLANG_ENABLE_MODULES = YES;
				CLANG_ENABLE_OBJC_ARC = YES;
				CLANG_WARN_BLOCK_CAPTURE_AUTORELEASING = YES;
				CLANG_WARN_BOOL_CONVERSION = YES;
				CLANG_WARN_COMMA = YES;
				CLANG_WARN_CONSTANT_CONVERSION = YES;
				CLANG_WARN_DIRECT_OBJC_ISA_USAGE = YES_ERROR;
				CLANG_WARN_DOCUMENTATION_COMMENTS = YES;
				CLANG_WARN_EMPTY_BODY = YES;
				CLANG_WARN_ENUM_CONVERSION = YES;
				CLANG_WARN_INFINITE_RECURSION = YES;
				CLANG_WARN_INT_CONVERSION = YES;
				CLANG_WARN_OBJC_ROOT_CLASS = YES_ERROR;
				CLANG_WARN_RANGE_LOOP_ANALYSIS = YES;
				CLANG_WARN_STRICT_PROTOTYPES = YES;
				CLANG_WARN_SUSPICIOUS_MOVE = YES;
				CLANG_WARN_UNGUARDED_AVAILABILITY = YES_AGGRESSIVE;
				CLANG_WARN_UNREACHABLE_CODE = YES;
				CLANG_WARN__DUPLICATE_METHOD_MATCH = YES;
				CODE_SIGN_IDENTITY = "iPhone Developer";
				COPY_PHASE_STRIP = NO;
				DEBUG_INFORMATION_FORMAT = dwarf;
				ENABLE_STRICT_OBJC_MSGSEND = YES;
				ENABLE_TESTABILITY = YES;
				GCC_C_LANGUAGE_STANDARD = gnu11;
				GCC_DYNAMIC_NO_PIC = NO;
				GCC_NO_COMMON_BLOCKS = YES;
				GCC_OPTIMIZATION_LEVEL = 0;
				GCC_PREPROCESSOR_DEFINITIONS = (
					"DEBUG=1",
					"$(inherited)",
				);
				GCC_WARN_64_TO_32_BIT_CONVERSION = YES;
				GCC_WARN_ABOUT_RETURN_TYPE = YES_ERROR;
				GCC_WARN_UNDECLARED_SELECTOR = YES;
				GCC_WARN_UNINITIALIZED_AUTOS = YES_AGGRESSIVE;
				GCC_WARN_UNUSED_FUNCTION = YES;
				GCC_WARN_UNUSED_VARIABLE = YES;
				IPHONEOS_DEPLOYMENT_TARGET = 11.0;
				MTL_ENABLE_DEBUG_INFO = YES;
				ONLY_ACTIVE_ARCH = YES;
				SDKROOT = iphoneos;
				SWIFT_ACTIVE_COMPILATION_CONDITIONS = DEBUG;
				SWIFT_OPTIMIZATION_LEVEL = "-Onone";
			};
			name = Debug;
		};
		A1F5CD8721E5136000ED084D /* Release */ = {
			isa = XCBuildConfiguration;
			buildSettings = {
				ALWAYS_SEARCH_USER_PATHS = NO;
				CLANG_ANALYZER_NONNULL = YES;
				CLANG_ANALYZER_NUMBER_OBJECT_CONVERSION = YES_AGGRESSIVE;
				CLANG_CXX_LANGUAGE_STANDARD = "gnu++14";
				CLANG_CXX_LIBRARY = "libc++";
				CLANG_ENABLE_MODULES = YES;
				CLANG_ENABLE_OBJC_ARC = YES;
				CLANG_WARN_BLOCK_CAPTURE_AUTORELEASING = YES;
				CLANG_WARN_BOOL_CONVERSION = YES;
				CLANG_WARN_COMMA = YES;
				CLANG_WARN_CONSTANT_CONVERSION = YES;
				CLANG_WARN_DIRECT_OBJC_ISA_USAGE = YES_ERROR;
				CLANG_WARN_DOCUMENTATION_COMMENTS = YES;
				CLANG_WARN_EMPTY_BODY = YES;
				CLANG_WARN_ENUM_CONVERSION = YES;
				CLANG_WARN_INFINITE_RECURSION = YES;
				CLANG_WARN_INT_CONVERSION = YES;
				CLANG_WARN_OBJC_ROOT_CLASS = YES_ERROR;
				CLANG_WARN_RANGE_LOOP_ANALYSIS = YES;
				CLANG_WARN_STRICT_PROTOTYPES = YES;
				CLANG_WARN_SUSPICIOUS_MOVE = YES;
				CLANG_WARN_UNGUARDED_AVAILABILITY = YES_AGGRESSIVE;
				CLANG_WARN_UNREACHABLE_CODE = YES;
				CLANG_WARN__DUPLICATE_METHOD_MATCH = YES;
				CODE_SIGN_IDENTITY = "iPhone Developer";
				COPY_PHASE_STRIP = NO;
				DEBUG_INFORMATION_FORMAT = "dwarf-with-dsym";
				ENABLE_NS_ASSERTIONS = NO;
				ENABLE_STRICT_OBJC_MSGSEND = YES;
				GCC_C_LANGUAGE_STANDARD = gnu11;
				GCC_NO_COMMON_BLOCKS = YES;
				GCC_WARN_64_TO_32_BIT_CONVERSION = YES;
				GCC_WARN_ABOUT_RETURN_TYPE = YES_ERROR;
				GCC_WARN_UNDECLARED_SELECTOR = YES;
				GCC_WARN_UNINITIALIZED_AUTOS = YES_AGGRESSIVE;
				GCC_WARN_UNUSED_FUNCTION = YES;
				GCC_WARN_UNUSED_VARIABLE = YES;
				IPHONEOS_DEPLOYMENT_TARGET = 11.0;
				MTL_ENABLE_DEBUG_INFO = NO;
				SDKROOT = iphoneos;
				SWIFT_OPTIMIZATION_LEVEL = "-Owholemodule";
				VALIDATE_PRODUCT = YES;
			};
			name = Release;
		};
		A1F5CD8921E5136000ED084D /* Debug */ = {
			isa = XCBuildConfiguration;
			baseConfigurationReference = F9A394B5520514ED57F38840 /* Pods-Weather Today.debug.xcconfig */;
			buildSettings = {
				ASSETCATALOG_COMPILER_APPICON_NAME = AppIcon;
				INFOPLIST_FILE = "Weather Today/Info.plist";
				LD_RUNPATH_SEARCH_PATHS = "$(inherited) @executable_path/Frameworks";
				PRODUCT_BUNDLE_IDENTIFIER = "devsloop.Weather-Today";
				PRODUCT_NAME = "$(TARGET_NAME)";
				SWIFT_VERSION = 4.0;
				TARGETED_DEVICE_FAMILY = "1,2";
			};
			name = Debug;
		};
		A1F5CD8A21E5136000ED084D /* Release */ = {
			isa = XCBuildConfiguration;
			baseConfigurationReference = 5FE8E221319914CB2914647B /* Pods-Weather Today.release.xcconfig */;
			buildSettings = {
				ASSETCATALOG_COMPILER_APPICON_NAME = AppIcon;
				INFOPLIST_FILE = "Weather Today/Info.plist";
				LD_RUNPATH_SEARCH_PATHS = "$(inherited) @executable_path/Frameworks";
				PRODUCT_BUNDLE_IDENTIFIER = "devsloop.Weather-Today";
				PRODUCT_NAME = "$(TARGET_NAME)";
				SWIFT_VERSION = 4.0;
				TARGETED_DEVICE_FAMILY = "1,2";
			};
			name = Release;
		};
/* End XCBuildConfiguration section */

/* Begin XCConfigurationList section */
		A1F5CD7121E5136000ED084D /* Build configuration list for PBXProject "Weather Today" */ = {
			isa = XCConfigurationList;
			buildConfigurations = (
				A1F5CD8621E5136000ED084D /* Debug */,
				A1F5CD8721E5136000ED084D /* Release */,
			);
			defaultConfigurationIsVisible = 0;
			defaultConfigurationName = Release;
		};
		A1F5CD8821E5136000ED084D /* Build configuration list for PBXNativeTarget "Weather Today" */ = {
			isa = XCConfigurationList;
			buildConfigurations = (
				A1F5CD8921E5136000ED084D /* Debug */,
				A1F5CD8A21E5136000ED084D /* Release */,
			);
			defaultConfigurationIsVisible = 0;
			defaultConfigurationName = Release;
		};
/* End XCConfigurationList section */
	};
	rootObject = A1F5CD6E21E5136000ED084D /* Project object */;
}
